// !$*UTF8*$!
{
	archiveVersion = 1;
	classes = {
	};
	objectVersion = 56;
	objects = {

/* Begin PBXBuildFile section */
		000819692A05444100F729F2 /* DataStore.swift in Sources */ = {isa = PBXBuildFile; fileRef = 000819682A05444100F729F2 /* DataStore.swift */; };
		000CFFAA2A0104A600AAF530 /* pitwall_iosApp.swift in Sources */ = {isa = PBXBuildFile; fileRef = 000CFFA92A0104A600AAF530 /* pitwall_iosApp.swift */; };
		000CFFAC2A0104A600AAF530 /* ContentView.swift in Sources */ = {isa = PBXBuildFile; fileRef = 000CFFAB2A0104A600AAF530 /* ContentView.swift */; };
		000CFFAE2A0104A700AAF530 /* Assets.xcassets in Resources */ = {isa = PBXBuildFile; fileRef = 000CFFAD2A0104A700AAF530 /* Assets.xcassets */; };
		000CFFB12A0104A700AAF530 /* Preview Assets.xcassets in Resources */ = {isa = PBXBuildFile; fileRef = 000CFFB02A0104A700AAF530 /* Preview Assets.xcassets */; };
		000CFFB32A0104A700AAF530 /* Persistence.swift in Sources */ = {isa = PBXBuildFile; fileRef = 000CFFB22A0104A700AAF530 /* Persistence.swift */; };
		000CFFB62A0104A700AAF530 /* pitwall_ios.xcdatamodeld in Sources */ = {isa = PBXBuildFile; fileRef = 000CFFB42A0104A700AAF530 /* pitwall_ios.xcdatamodeld */; };
		000CFFC02A0104A700AAF530 /* pitwall_iosTests.swift in Sources */ = {isa = PBXBuildFile; fileRef = 000CFFBF2A0104A700AAF530 /* pitwall_iosTests.swift */; };
		000CFFCA2A0104A700AAF530 /* pitwall_iosUITests.swift in Sources */ = {isa = PBXBuildFile; fileRef = 000CFFC92A0104A700AAF530 /* pitwall_iosUITests.swift */; };
		000CFFCC2A0104A700AAF530 /* pitwall_iosUITestsLaunchTests.swift in Sources */ = {isa = PBXBuildFile; fileRef = 000CFFCB2A0104A700AAF530 /* pitwall_iosUITestsLaunchTests.swift */; };
		000CFFD92A0106F200AAF530 /* KafkaConsumer.swift in Sources */ = {isa = PBXBuildFile; fileRef = 000CFFD82A0106F200AAF530 /* KafkaConsumer.swift */; };
		00112E532A24CC8800D8BAF8 /* LapComparisonView.swift in Sources */ = {isa = PBXBuildFile; fileRef = 00112E522A24CC8800D8BAF8 /* LapComparisonView.swift */; };
		0019CB5B2A45877900B8460A /* SCNGeometry+Extensions.swift in Sources */ = {isa = PBXBuildFile; fileRef = 0019CB5A2A45877900B8460A /* SCNGeometry+Extensions.swift */; };
		0019CB5D2A45879500B8460A /* SCNPathNode.swift in Sources */ = {isa = PBXBuildFile; fileRef = 0019CB5C2A45879500B8460A /* SCNPathNode.swift */; };
		0019CB5F2A4587B500B8460A /* SCNVector3+Extensions.swift in Sources */ = {isa = PBXBuildFile; fileRef = 0019CB5E2A4587B500B8460A /* SCNVector3+Extensions.swift */; };
		0022E7912A03EF170030BB29 /* DataProcessor.swift in Sources */ = {isa = PBXBuildFile; fileRef = 0022E7902A03EF170030BB29 /* DataProcessor.swift */; };
		003AE4232A179AEB00B8EA6C /* SessionInfoView.swift in Sources */ = {isa = PBXBuildFile; fileRef = 003AE4222A179AEB00B8EA6C /* SessionInfoView.swift */; };
		003AE4252A179C8F00B8EA6C /* LeaderboardView.swift in Sources */ = {isa = PBXBuildFile; fileRef = 003AE4242A179C8F00B8EA6C /* LeaderboardView.swift */; };
		003AE4272A179D4200B8EA6C /* CarDataView.swift in Sources */ = {isa = PBXBuildFile; fileRef = 003AE4262A179D4200B8EA6C /* CarDataView.swift */; };
		003AE4292A179D7100B8EA6C /* SpeedTraceView.swift in Sources */ = {isa = PBXBuildFile; fileRef = 003AE4282A179D7100B8EA6C /* SpeedTraceView.swift */; };
		00406E1B2A1621AC0057C757 /* Telemetry.swift in Sources */ = {isa = PBXBuildFile; fileRef = 00406E1A2A1621AC0057C757 /* Telemetry.swift */; };
		0047DCD42A1B360700E0C259 /* Extensions.swift in Sources */ = {isa = PBXBuildFile; fileRef = 0047DCD32A1B360700E0C259 /* Extensions.swift */; };
		005998F12A1DB56200A20410 /* GapOrIntervalView.swift in Sources */ = {isa = PBXBuildFile; fileRef = 005998F02A1DB56200A20410 /* GapOrIntervalView.swift */; };
		0094DDB62A296F1200E37522 /* ComparisonScene.swift in Sources */ = {isa = PBXBuildFile; fileRef = 0094DDB52A296F1200E37522 /* ComparisonScene.swift */; };
		009F22B52A516360001ECA65 /* LapComparisonViewModel.swift in Sources */ = {isa = PBXBuildFile; fileRef = 009F22B42A516360001ECA65 /* LapComparisonViewModel.swift */; };
		00A2B8C32A2DCB6D00B3987C /* SceneKitAssets.scnassets in Resources */ = {isa = PBXBuildFile; fileRef = 00A2B8C22A2DCB6D00B3987C /* SceneKitAssets.scnassets */; };
		00CC995F2A0CB3B900603682 /* DriverObject.swift in Sources */ = {isa = PBXBuildFile; fileRef = 00CC995E2A0CB3B900603682 /* DriverObject.swift */; };
		00DDE4F92A2223520022585E /* LapHistoryView.swift in Sources */ = {isa = PBXBuildFile; fileRef = 00DDE4F82A2223520022585E /* LapHistoryView.swift */; };
		00E55DB72A5907570013D2E2 /* CustomSceneView.swift in Sources */ = {isa = PBXBuildFile; fileRef = 00E55DB62A5907570013D2E2 /* CustomSceneView.swift */; };
/* End PBXBuildFile section */

/* Begin PBXContainerItemProxy section */
		000CFFBC2A0104A700AAF530 /* PBXContainerItemProxy */ = {
			isa = PBXContainerItemProxy;
			containerPortal = 000CFF9E2A0104A600AAF530 /* Project object */;
			proxyType = 1;
			remoteGlobalIDString = 000CFFA52A0104A600AAF530;
			remoteInfo = "pitwall-ios";
		};
		000CFFC62A0104A700AAF530 /* PBXContainerItemProxy */ = {
			isa = PBXContainerItemProxy;
			containerPortal = 000CFF9E2A0104A600AAF530 /* Project object */;
			proxyType = 1;
			remoteGlobalIDString = 000CFFA52A0104A600AAF530;
			remoteInfo = "pitwall-ios";
		};
/* End PBXContainerItemProxy section */

/* Begin PBXFileReference section */
		000819682A05444100F729F2 /* DataStore.swift */ = {isa = PBXFileReference; lastKnownFileType = sourcecode.swift; path = DataStore.swift; sourceTree = "<group>"; };
		000CFFA62A0104A600AAF530 /* pitwall-ios.app */ = {isa = PBXFileReference; explicitFileType = wrapper.application; includeInIndex = 0; path = "pitwall-ios.app"; sourceTree = BUILT_PRODUCTS_DIR; };
		000CFFA92A0104A600AAF530 /* pitwall_iosApp.swift */ = {isa = PBXFileReference; lastKnownFileType = sourcecode.swift; path = pitwall_iosApp.swift; sourceTree = "<group>"; };
		000CFFAB2A0104A600AAF530 /* ContentView.swift */ = {isa = PBXFileReference; lastKnownFileType = sourcecode.swift; path = ContentView.swift; sourceTree = "<group>"; };
		000CFFAD2A0104A700AAF530 /* Assets.xcassets */ = {isa = PBXFileReference; lastKnownFileType = folder.assetcatalog; path = Assets.xcassets; sourceTree = "<group>"; };
		000CFFB02A0104A700AAF530 /* Preview Assets.xcassets */ = {isa = PBXFileReference; lastKnownFileType = folder.assetcatalog; path = "Preview Assets.xcassets"; sourceTree = "<group>"; };
		000CFFB22A0104A700AAF530 /* Persistence.swift */ = {isa = PBXFileReference; lastKnownFileType = sourcecode.swift; path = Persistence.swift; sourceTree = "<group>"; };
		000CFFB52A0104A700AAF530 /* pitwall_ios.xcdatamodel */ = {isa = PBXFileReference; lastKnownFileType = wrapper.xcdatamodel; path = pitwall_ios.xcdatamodel; sourceTree = "<group>"; };
		000CFFBB2A0104A700AAF530 /* pitwall-iosTests.xctest */ = {isa = PBXFileReference; explicitFileType = wrapper.cfbundle; includeInIndex = 0; path = "pitwall-iosTests.xctest"; sourceTree = BUILT_PRODUCTS_DIR; };
		000CFFBF2A0104A700AAF530 /* pitwall_iosTests.swift */ = {isa = PBXFileReference; lastKnownFileType = sourcecode.swift; path = pitwall_iosTests.swift; sourceTree = "<group>"; };
		000CFFC52A0104A700AAF530 /* pitwall-iosUITests.xctest */ = {isa = PBXFileReference; explicitFileType = wrapper.cfbundle; includeInIndex = 0; path = "pitwall-iosUITests.xctest"; sourceTree = BUILT_PRODUCTS_DIR; };
		000CFFC92A0104A700AAF530 /* pitwall_iosUITests.swift */ = {isa = PBXFileReference; lastKnownFileType = sourcecode.swift; path = pitwall_iosUITests.swift; sourceTree = "<group>"; };
		000CFFCB2A0104A700AAF530 /* pitwall_iosUITestsLaunchTests.swift */ = {isa = PBXFileReference; lastKnownFileType = sourcecode.swift; path = pitwall_iosUITestsLaunchTests.swift; sourceTree = "<group>"; };
		000CFFD82A0106F200AAF530 /* KafkaConsumer.swift */ = {isa = PBXFileReference; lastKnownFileType = sourcecode.swift; path = KafkaConsumer.swift; sourceTree = "<group>"; };
		00112E522A24CC8800D8BAF8 /* LapComparisonView.swift */ = {isa = PBXFileReference; lastKnownFileType = sourcecode.swift; path = LapComparisonView.swift; sourceTree = "<group>"; };
		0019CB5A2A45877900B8460A /* SCNGeometry+Extensions.swift */ = {isa = PBXFileReference; lastKnownFileType = sourcecode.swift; path = "SCNGeometry+Extensions.swift"; sourceTree = "<group>"; };
		0019CB5C2A45879500B8460A /* SCNPathNode.swift */ = {isa = PBXFileReference; lastKnownFileType = sourcecode.swift; path = SCNPathNode.swift; sourceTree = "<group>"; };
		0019CB5E2A4587B500B8460A /* SCNVector3+Extensions.swift */ = {isa = PBXFileReference; lastKnownFileType = sourcecode.swift; path = "SCNVector3+Extensions.swift"; sourceTree = "<group>"; };
		0022E7902A03EF170030BB29 /* DataProcessor.swift */ = {isa = PBXFileReference; lastKnownFileType = sourcecode.swift; path = DataProcessor.swift; sourceTree = "<group>"; };
		003AE4222A179AEB00B8EA6C /* SessionInfoView.swift */ = {isa = PBXFileReference; lastKnownFileType = sourcecode.swift; path = SessionInfoView.swift; sourceTree = "<group>"; };
		003AE4242A179C8F00B8EA6C /* LeaderboardView.swift */ = {isa = PBXFileReference; lastKnownFileType = sourcecode.swift; path = LeaderboardView.swift; sourceTree = "<group>"; };
		003AE4262A179D4200B8EA6C /* CarDataView.swift */ = {isa = PBXFileReference; lastKnownFileType = sourcecode.swift; path = CarDataView.swift; sourceTree = "<group>"; };
		003AE4282A179D7100B8EA6C /* SpeedTraceView.swift */ = {isa = PBXFileReference; lastKnownFileType = sourcecode.swift; path = SpeedTraceView.swift; sourceTree = "<group>"; };
		00406E1A2A1621AC0057C757 /* Telemetry.swift */ = {isa = PBXFileReference; lastKnownFileType = sourcecode.swift; path = Telemetry.swift; sourceTree = "<group>"; };
		0047DCD32A1B360700E0C259 /* Extensions.swift */ = {isa = PBXFileReference; lastKnownFileType = sourcecode.swift; path = Extensions.swift; sourceTree = "<group>"; };
		005998F02A1DB56200A20410 /* GapOrIntervalView.swift */ = {isa = PBXFileReference; lastKnownFileType = sourcecode.swift; path = GapOrIntervalView.swift; sourceTree = "<group>"; };
		0094DDB52A296F1200E37522 /* ComparisonScene.swift */ = {isa = PBXFileReference; lastKnownFileType = sourcecode.swift; path = ComparisonScene.swift; sourceTree = "<group>"; };
		009F22B42A516360001ECA65 /* LapComparisonViewModel.swift */ = {isa = PBXFileReference; lastKnownFileType = sourcecode.swift; path = LapComparisonViewModel.swift; sourceTree = "<group>"; };
		00A2B8C22A2DCB6D00B3987C /* SceneKitAssets.scnassets */ = {isa = PBXFileReference; lastKnownFileType = wrapper.scnassets; path = SceneKitAssets.scnassets; sourceTree = "<group>"; };
		00CC995E2A0CB3B900603682 /* DriverObject.swift */ = {isa = PBXFileReference; lastKnownFileType = sourcecode.swift; path = DriverObject.swift; sourceTree = "<group>"; };
		00DDE4F82A2223520022585E /* LapHistoryView.swift */ = {isa = PBXFileReference; lastKnownFileType = sourcecode.swift; path = LapHistoryView.swift; sourceTree = "<group>"; };
		00E55DB62A5907570013D2E2 /* CustomSceneView.swift */ = {isa = PBXFileReference; lastKnownFileType = sourcecode.swift; path = CustomSceneView.swift; sourceTree = "<group>"; };
/* End PBXFileReference section */

/* Begin PBXFrameworksBuildPhase section */
		000CFFA32A0104A600AAF530 /* Frameworks */ = {
			isa = PBXFrameworksBuildPhase;
			buildActionMask = 2147483647;
			files = (
			);
			runOnlyForDeploymentPostprocessing = 0;
		};
		000CFFB82A0104A700AAF530 /* Frameworks */ = {
			isa = PBXFrameworksBuildPhase;
			buildActionMask = 2147483647;
			files = (
			);
			runOnlyForDeploymentPostprocessing = 0;
		};
		000CFFC22A0104A700AAF530 /* Frameworks */ = {
			isa = PBXFrameworksBuildPhase;
			buildActionMask = 2147483647;
			files = (
			);
			runOnlyForDeploymentPostprocessing = 0;
		};
/* End PBXFrameworksBuildPhase section */

/* Begin PBXGroup section */
		000CFF9D2A0104A600AAF530 = {
			isa = PBXGroup;
			children = (
				000CFFA82A0104A600AAF530 /* pitwall-ios */,
				000CFFBE2A0104A700AAF530 /* pitwall-iosTests */,
				000CFFC82A0104A700AAF530 /* pitwall-iosUITests */,
				000CFFA72A0104A600AAF530 /* Products */,
			);
			sourceTree = "<group>";
		};
		000CFFA72A0104A600AAF530 /* Products */ = {
			isa = PBXGroup;
			children = (
				000CFFA62A0104A600AAF530 /* pitwall-ios.app */,
				000CFFBB2A0104A700AAF530 /* pitwall-iosTests.xctest */,
				000CFFC52A0104A700AAF530 /* pitwall-iosUITests.xctest */,
			);
			name = Products;
			sourceTree = "<group>";
		};
		000CFFA82A0104A600AAF530 /* pitwall-ios */ = {
			isa = PBXGroup;
			children = (
				000CFFA92A0104A600AAF530 /* pitwall_iosApp.swift */,
				000CFFAB2A0104A600AAF530 /* ContentView.swift */,
				005998F02A1DB56200A20410 /* GapOrIntervalView.swift */,
				0047DCD32A1B360700E0C259 /* Extensions.swift */,
				003AE4282A179D7100B8EA6C /* SpeedTraceView.swift */,
				003AE4262A179D4200B8EA6C /* CarDataView.swift */,
				003AE4222A179AEB00B8EA6C /* SessionInfoView.swift */,
				003AE4242A179C8F00B8EA6C /* LeaderboardView.swift */,
				00DDE4F82A2223520022585E /* LapHistoryView.swift */,
				009F22B62A51636E001ECA65 /* LapComparison */,
				0019CB592A45875E00B8460A /* SCNPath */,
				00A2B8C22A2DCB6D00B3987C /* SceneKitAssets.scnassets */,
				00406E1A2A1621AC0057C757 /* Telemetry.swift */,
				000CFFD82A0106F200AAF530 /* KafkaConsumer.swift */,
				0022E7902A03EF170030BB29 /* DataProcessor.swift */,
				000819682A05444100F729F2 /* DataStore.swift */,
				00CC995E2A0CB3B900603682 /* DriverObject.swift */,
				000CFFAD2A0104A700AAF530 /* Assets.xcassets */,
				000CFFB22A0104A700AAF530 /* Persistence.swift */,
				000CFFB42A0104A700AAF530 /* pitwall_ios.xcdatamodeld */,
				000CFFAF2A0104A700AAF530 /* Preview Content */,
			);
			path = "pitwall-ios";
			sourceTree = "<group>";
		};
		000CFFAF2A0104A700AAF530 /* Preview Content */ = {
			isa = PBXGroup;
			children = (
				000CFFB02A0104A700AAF530 /* Preview Assets.xcassets */,
			);
			path = "Preview Content";
			sourceTree = "<group>";
		};
		000CFFBE2A0104A700AAF530 /* pitwall-iosTests */ = {
			isa = PBXGroup;
			children = (
				000CFFBF2A0104A700AAF530 /* pitwall_iosTests.swift */,
			);
			path = "pitwall-iosTests";
			sourceTree = "<group>";
		};
		000CFFC82A0104A700AAF530 /* pitwall-iosUITests */ = {
			isa = PBXGroup;
			children = (
				000CFFC92A0104A700AAF530 /* pitwall_iosUITests.swift */,
				000CFFCB2A0104A700AAF530 /* pitwall_iosUITestsLaunchTests.swift */,
			);
			path = "pitwall-iosUITests";
			sourceTree = "<group>";
		};
		0019CB592A45875E00B8460A /* SCNPath */ = {
			isa = PBXGroup;
			children = (
				0019CB5A2A45877900B8460A /* SCNGeometry+Extensions.swift */,
				0019CB5C2A45879500B8460A /* SCNPathNode.swift */,
				0019CB5E2A4587B500B8460A /* SCNVector3+Extensions.swift */,
			);
			path = SCNPath;
			sourceTree = "<group>";
		};
		009F22B62A51636E001ECA65 /* LapComparison */ = {
			isa = PBXGroup;
			children = (
				00112E522A24CC8800D8BAF8 /* LapComparisonView.swift */,
				009F22B42A516360001ECA65 /* LapComparisonViewModel.swift */,
				00E55DB62A5907570013D2E2 /* CustomSceneView.swift */,
				0094DDB52A296F1200E37522 /* ComparisonScene.swift */,
			);
			path = LapComparison;
			sourceTree = "<group>";
		};
/* End PBXGroup section */

/* Begin PBXNativeTarget section */
		000CFFA52A0104A600AAF530 /* pitwall-ios */ = {
			isa = PBXNativeTarget;
			buildConfigurationList = 000CFFCF2A0104A700AAF530 /* Build configuration list for PBXNativeTarget "pitwall-ios" */;
			buildPhases = (
				000CFFA22A0104A600AAF530 /* Sources */,
				000CFFA32A0104A600AAF530 /* Frameworks */,
				000CFFA42A0104A600AAF530 /* Resources */,
			);
			buildRules = (
			);
			dependencies = (
			);
			name = "pitwall-ios";
			productName = "pitwall-ios";
			productReference = 000CFFA62A0104A600AAF530 /* pitwall-ios.app */;
			productType = "com.apple.product-type.application";
		};
		000CFFBA2A0104A700AAF530 /* pitwall-iosTests */ = {
			isa = PBXNativeTarget;
			buildConfigurationList = 000CFFD22A0104A700AAF530 /* Build configuration list for PBXNativeTarget "pitwall-iosTests" */;
			buildPhases = (
				000CFFB72A0104A700AAF530 /* Sources */,
				000CFFB82A0104A700AAF530 /* Frameworks */,
				000CFFB92A0104A700AAF530 /* Resources */,
			);
			buildRules = (
			);
			dependencies = (
				000CFFBD2A0104A700AAF530 /* PBXTargetDependency */,
			);
			name = "pitwall-iosTests";
			productName = "pitwall-iosTests";
			productReference = 000CFFBB2A0104A700AAF530 /* pitwall-iosTests.xctest */;
			productType = "com.apple.product-type.bundle.unit-test";
		};
		000CFFC42A0104A700AAF530 /* pitwall-iosUITests */ = {
			isa = PBXNativeTarget;
			buildConfigurationList = 000CFFD52A0104A700AAF530 /* Build configuration list for PBXNativeTarget "pitwall-iosUITests" */;
			buildPhases = (
				000CFFC12A0104A700AAF530 /* Sources */,
				000CFFC22A0104A700AAF530 /* Frameworks */,
				000CFFC32A0104A700AAF530 /* Resources */,
			);
			buildRules = (
			);
			dependencies = (
				000CFFC72A0104A700AAF530 /* PBXTargetDependency */,
			);
			name = "pitwall-iosUITests";
			productName = "pitwall-iosUITests";
			productReference = 000CFFC52A0104A700AAF530 /* pitwall-iosUITests.xctest */;
			productType = "com.apple.product-type.bundle.ui-testing";
		};
/* End PBXNativeTarget section */

/* Begin PBXProject section */
		000CFF9E2A0104A600AAF530 /* Project object */ = {
			isa = PBXProject;
			attributes = {
				BuildIndependentTargetsInParallel = 1;
				LastSwiftUpdateCheck = 1430;
				LastUpgradeCheck = 1430;
				TargetAttributes = {
					000CFFA52A0104A600AAF530 = {
						CreatedOnToolsVersion = 14.3;
					};
					000CFFBA2A0104A700AAF530 = {
						CreatedOnToolsVersion = 14.3;
						TestTargetID = 000CFFA52A0104A600AAF530;
					};
					000CFFC42A0104A700AAF530 = {
						CreatedOnToolsVersion = 14.3;
						TestTargetID = 000CFFA52A0104A600AAF530;
					};
				};
			};
			buildConfigurationList = 000CFFA12A0104A600AAF530 /* Build configuration list for PBXProject "pitwall-ios" */;
			compatibilityVersion = "Xcode 14.0";
			developmentRegion = en;
			hasScannedForEncodings = 0;
			knownRegions = (
				en,
				Base,
			);
			mainGroup = 000CFF9D2A0104A600AAF530;
			productRefGroup = 000CFFA72A0104A600AAF530 /* Products */;
			projectDirPath = "";
			projectRoot = "";
			targets = (
				000CFFA52A0104A600AAF530 /* pitwall-ios */,
				000CFFBA2A0104A700AAF530 /* pitwall-iosTests */,
				000CFFC42A0104A700AAF530 /* pitwall-iosUITests */,
			);
		};
/* End PBXProject section */

/* Begin PBXResourcesBuildPhase section */
		000CFFA42A0104A600AAF530 /* Resources */ = {
			isa = PBXResourcesBuildPhase;
			buildActionMask = 2147483647;
			files = (
				00A2B8C32A2DCB6D00B3987C /* SceneKitAssets.scnassets in Resources */,
				000CFFB12A0104A700AAF530 /* Preview Assets.xcassets in Resources */,
				000CFFAE2A0104A700AAF530 /* Assets.xcassets in Resources */,
			);
			runOnlyForDeploymentPostprocessing = 0;
		};
		000CFFB92A0104A700AAF530 /* Resources */ = {
			isa = PBXResourcesBuildPhase;
			buildActionMask = 2147483647;
			files = (
			);
			runOnlyForDeploymentPostprocessing = 0;
		};
		000CFFC32A0104A700AAF530 /* Resources */ = {
			isa = PBXResourcesBuildPhase;
			buildActionMask = 2147483647;
			files = (
			);
			runOnlyForDeploymentPostprocessing = 0;
		};
/* End PBXResourcesBuildPhase section */

/* Begin PBXSourcesBuildPhase section */
		000CFFA22A0104A600AAF530 /* Sources */ = {
			isa = PBXSourcesBuildPhase;
			buildActionMask = 2147483647;
			files = (
				00CC995F2A0CB3B900603682 /* DriverObject.swift in Sources */,
				005998F12A1DB56200A20410 /* GapOrIntervalView.swift in Sources */,
				003AE4232A179AEB00B8EA6C /* SessionInfoView.swift in Sources */,
				0019CB5B2A45877900B8460A /* SCNGeometry+Extensions.swift in Sources */,
				00112E532A24CC8800D8BAF8 /* LapComparisonView.swift in Sources */,
				0094DDB62A296F1200E37522 /* ComparisonScene.swift in Sources */,
				00406E1B2A1621AC0057C757 /* Telemetry.swift in Sources */,
				003AE4272A179D4200B8EA6C /* CarDataView.swift in Sources */,
				000CFFD92A0106F200AAF530 /* KafkaConsumer.swift in Sources */,
				000CFFB32A0104A700AAF530 /* Persistence.swift in Sources */,
				000819692A05444100F729F2 /* DataStore.swift in Sources */,
				0022E7912A03EF170030BB29 /* DataProcessor.swift in Sources */,
				00DDE4F92A2223520022585E /* LapHistoryView.swift in Sources */,
				0019CB5F2A4587B500B8460A /* SCNVector3+Extensions.swift in Sources */,
				003AE4252A179C8F00B8EA6C /* LeaderboardView.swift in Sources */,
				003AE4292A179D7100B8EA6C /* SpeedTraceView.swift in Sources */,
				000CFFAC2A0104A600AAF530 /* ContentView.swift in Sources */,
				000CFFAA2A0104A600AAF530 /* pitwall_iosApp.swift in Sources */,
				000CFFB62A0104A700AAF530 /* pitwall_ios.xcdatamodeld in Sources */,
				0047DCD42A1B360700E0C259 /* Extensions.swift in Sources */,
				0019CB5D2A45879500B8460A /* SCNPathNode.swift in Sources */,
				00E55DB72A5907570013D2E2 /* CustomSceneView.swift in Sources */,
				009F22B52A516360001ECA65 /* LapComparisonViewModel.swift in Sources */,
			);
			runOnlyForDeploymentPostprocessing = 0;
		};
		000CFFB72A0104A700AAF530 /* Sources */ = {
			isa = PBXSourcesBuildPhase;
			buildActionMask = 2147483647;
			files = (
				000CFFC02A0104A700AAF530 /* pitwall_iosTests.swift in Sources */,
			);
			runOnlyForDeploymentPostprocessing = 0;
		};
		000CFFC12A0104A700AAF530 /* Sources */ = {
			isa = PBXSourcesBuildPhase;
			buildActionMask = 2147483647;
			files = (
				000CFFCC2A0104A700AAF530 /* pitwall_iosUITestsLaunchTests.swift in Sources */,
				000CFFCA2A0104A700AAF530 /* pitwall_iosUITests.swift in Sources */,
			);
			runOnlyForDeploymentPostprocessing = 0;
		};
/* End PBXSourcesBuildPhase section */

/* Begin PBXTargetDependency section */
		000CFFBD2A0104A700AAF530 /* PBXTargetDependency */ = {
			isa = PBXTargetDependency;
			target = 000CFFA52A0104A600AAF530 /* pitwall-ios */;
			targetProxy = 000CFFBC2A0104A700AAF530 /* PBXContainerItemProxy */;
		};
		000CFFC72A0104A700AAF530 /* PBXTargetDependency */ = {
			isa = PBXTargetDependency;
			target = 000CFFA52A0104A600AAF530 /* pitwall-ios */;
			targetProxy = 000CFFC62A0104A700AAF530 /* PBXContainerItemProxy */;
		};
/* End PBXTargetDependency section */

/* Begin XCBuildConfiguration section */
		000CFFCD2A0104A700AAF530 /* Debug */ = {
			isa = XCBuildConfiguration;
			buildSettings = {
				ALWAYS_SEARCH_USER_PATHS = NO;
				CLANG_ANALYZER_NONNULL = YES;
				CLANG_ANALYZER_NUMBER_OBJECT_CONVERSION = YES_AGGRESSIVE;
				CLANG_CXX_LANGUAGE_STANDARD = "gnu++20";
				CLANG_ENABLE_MODULES = YES;
				CLANG_ENABLE_OBJC_ARC = YES;
				CLANG_ENABLE_OBJC_WEAK = YES;
				CLANG_WARN_BLOCK_CAPTURE_AUTORELEASING = YES;
				CLANG_WARN_BOOL_CONVERSION = YES;
				CLANG_WARN_COMMA = YES;
				CLANG_WARN_CONSTANT_CONVERSION = YES;
				CLANG_WARN_DEPRECATED_OBJC_IMPLEMENTATIONS = YES;
				CLANG_WARN_DIRECT_OBJC_ISA_USAGE = YES_ERROR;
				CLANG_WARN_DOCUMENTATION_COMMENTS = YES;
				CLANG_WARN_EMPTY_BODY = YES;
				CLANG_WARN_ENUM_CONVERSION = YES;
				CLANG_WARN_INFINITE_RECURSION = YES;
				CLANG_WARN_INT_CONVERSION = YES;
				CLANG_WARN_NON_LITERAL_NULL_CONVERSION = YES;
				CLANG_WARN_OBJC_IMPLICIT_RETAIN_SELF = YES;
				CLANG_WARN_OBJC_LITERAL_CONVERSION = YES;
				CLANG_WARN_OBJC_ROOT_CLASS = YES_ERROR;
				CLANG_WARN_QUOTED_INCLUDE_IN_FRAMEWORK_HEADER = YES;
				CLANG_WARN_RANGE_LOOP_ANALYSIS = YES;
				CLANG_WARN_STRICT_PROTOTYPES = YES;
				CLANG_WARN_SUSPICIOUS_MOVE = YES;
				CLANG_WARN_UNGUARDED_AVAILABILITY = YES_AGGRESSIVE;
				CLANG_WARN_UNREACHABLE_CODE = YES;
				CLANG_WARN__DUPLICATE_METHOD_MATCH = YES;
				COPY_PHASE_STRIP = NO;
				DEBUG_INFORMATION_FORMAT = dwarf;
				ENABLE_STRICT_OBJC_MSGSEND = YES;
				ENABLE_TESTABILITY = YES;
				GCC_C_LANGUAGE_STANDARD = gnu11;
				GCC_DYNAMIC_NO_PIC = NO;
				GCC_NO_COMMON_BLOCKS = YES;
				GCC_OPTIMIZATION_LEVEL = 0;
				GCC_PREPROCESSOR_DEFINITIONS = (
					"DEBUG=1",
					"$(inherited)",
				);
				GCC_WARN_64_TO_32_BIT_CONVERSION = YES;
				GCC_WARN_ABOUT_RETURN_TYPE = YES_ERROR;
				GCC_WARN_UNDECLARED_SELECTOR = YES;
				GCC_WARN_UNINITIALIZED_AUTOS = YES_AGGRESSIVE;
				GCC_WARN_UNUSED_FUNCTION = YES;
				GCC_WARN_UNUSED_VARIABLE = YES;
				IPHONEOS_DEPLOYMENT_TARGET = 16.4;
				MTL_ENABLE_DEBUG_INFO = INCLUDE_SOURCE;
				MTL_FAST_MATH = YES;
				ONLY_ACTIVE_ARCH = YES;
				SDKROOT = iphoneos;
				SWIFT_ACTIVE_COMPILATION_CONDITIONS = DEBUG;
				SWIFT_OPTIMIZATION_LEVEL = "-Onone";
			};
			name = Debug;
		};
		000CFFCE2A0104A700AAF530 /* Release */ = {
			isa = XCBuildConfiguration;
			buildSettings = {
				ALWAYS_SEARCH_USER_PATHS = NO;
				CLANG_ANALYZER_NONNULL = YES;
				CLANG_ANALYZER_NUMBER_OBJECT_CONVERSION = YES_AGGRESSIVE;
				CLANG_CXX_LANGUAGE_STANDARD = "gnu++20";
				CLANG_ENABLE_MODULES = YES;
				CLANG_ENABLE_OBJC_ARC = YES;
				CLANG_ENABLE_OBJC_WEAK = YES;
				CLANG_WARN_BLOCK_CAPTURE_AUTORELEASING = YES;
				CLANG_WARN_BOOL_CONVERSION = YES;
				CLANG_WARN_COMMA = YES;
				CLANG_WARN_CONSTANT_CONVERSION = YES;
				CLANG_WARN_DEPRECATED_OBJC_IMPLEMENTATIONS = YES;
				CLANG_WARN_DIRECT_OBJC_ISA_USAGE = YES_ERROR;
				CLANG_WARN_DOCUMENTATION_COMMENTS = YES;
				CLANG_WARN_EMPTY_BODY = YES;
				CLANG_WARN_ENUM_CONVERSION = YES;
				CLANG_WARN_INFINITE_RECURSION = YES;
				CLANG_WARN_INT_CONVERSION = YES;
				CLANG_WARN_NON_LITERAL_NULL_CONVERSION = YES;
				CLANG_WARN_OBJC_IMPLICIT_RETAIN_SELF = YES;
				CLANG_WARN_OBJC_LITERAL_CONVERSION = YES;
				CLANG_WARN_OBJC_ROOT_CLASS = YES_ERROR;
				CLANG_WARN_QUOTED_INCLUDE_IN_FRAMEWORK_HEADER = YES;
				CLANG_WARN_RANGE_LOOP_ANALYSIS = YES;
				CLANG_WARN_STRICT_PROTOTYPES = YES;
				CLANG_WARN_SUSPICIOUS_MOVE = YES;
				CLANG_WARN_UNGUARDED_AVAILABILITY = YES_AGGRESSIVE;
				CLANG_WARN_UNREACHABLE_CODE = YES;
				CLANG_WARN__DUPLICATE_METHOD_MATCH = YES;
				COPY_PHASE_STRIP = NO;
				DEBUG_INFORMATION_FORMAT = "dwarf-with-dsym";
				ENABLE_NS_ASSERTIONS = NO;
				ENABLE_STRICT_OBJC_MSGSEND = YES;
				GCC_C_LANGUAGE_STANDARD = gnu11;
				GCC_NO_COMMON_BLOCKS = YES;
				GCC_WARN_64_TO_32_BIT_CONVERSION = YES;
				GCC_WARN_ABOUT_RETURN_TYPE = YES_ERROR;
				GCC_WARN_UNDECLARED_SELECTOR = YES;
				GCC_WARN_UNINITIALIZED_AUTOS = YES_AGGRESSIVE;
				GCC_WARN_UNUSED_FUNCTION = YES;
				GCC_WARN_UNUSED_VARIABLE = YES;
				IPHONEOS_DEPLOYMENT_TARGET = 16.4;
				MTL_ENABLE_DEBUG_INFO = NO;
				MTL_FAST_MATH = YES;
				SDKROOT = iphoneos;
				SWIFT_COMPILATION_MODE = wholemodule;
				SWIFT_OPTIMIZATION_LEVEL = "-O";
				VALIDATE_PRODUCT = YES;
			};
			name = Release;
		};
		000CFFD02A0104A700AAF530 /* Debug */ = {
			isa = XCBuildConfiguration;
			buildSettings = {
				ASSETCATALOG_COMPILER_APPICON_NAME = AppIcon;
				ASSETCATALOG_COMPILER_GLOBAL_ACCENT_COLOR_NAME = AccentColor;
				CODE_SIGN_STYLE = Automatic;
				CURRENT_PROJECT_VERSION = 1;
				DEVELOPMENT_ASSET_PATHS = "\"pitwall-ios/Preview Content\"";
				DEVELOPMENT_TEAM = W887ASN27L;
				ENABLE_PREVIEWS = YES;
				GENERATE_INFOPLIST_FILE = YES;
				INFOPLIST_KEY_CFBundleDisplayName = Pitwall;
				INFOPLIST_KEY_UIApplicationSceneManifest_Generation = YES;
				INFOPLIST_KEY_UIApplicationSupportsIndirectInputEvents = YES;
				INFOPLIST_KEY_UILaunchScreen_Generation = YES;
				INFOPLIST_KEY_UISupportedInterfaceOrientations_iPad = "UIInterfaceOrientationPortrait UIInterfaceOrientationPortraitUpsideDown UIInterfaceOrientationLandscapeLeft UIInterfaceOrientationLandscapeRight";
				INFOPLIST_KEY_UISupportedInterfaceOrientations_iPhone = "UIInterfaceOrientationPortrait UIInterfaceOrientationLandscapeLeft UIInterfaceOrientationLandscapeRight";
				IPHONEOS_DEPLOYMENT_TARGET = 16.0;
				LD_RUNPATH_SEARCH_PATHS = (
					"$(inherited)",
					"@executable_path/Frameworks",
				);
				MARKETING_VERSION = 1.0;
				PRODUCT_BUNDLE_IDENTIFIER = "com.robinvvinod.pitwall-ios";
				PRODUCT_NAME = "$(TARGET_NAME)";
				SWIFT_EMIT_LOC_STRINGS = YES;
				SWIFT_VERSION = 5.0;
				TARGETED_DEVICE_FAMILY = "1,2";
			};
			name = Debug;
		};
		000CFFD12A0104A700AAF530 /* Release */ = {
			isa = XCBuildConfiguration;
			buildSettings = {
				ASSETCATALOG_COMPILER_APPICON_NAME = AppIcon;
				ASSETCATALOG_COMPILER_GLOBAL_ACCENT_COLOR_NAME = AccentColor;
				CODE_SIGN_STYLE = Automatic;
				CURRENT_PROJECT_VERSION = 1;
				DEVELOPMENT_ASSET_PATHS = "\"pitwall-ios/Preview Content\"";
				DEVELOPMENT_TEAM = W887ASN27L;
				ENABLE_PREVIEWS = YES;
				GENERATE_INFOPLIST_FILE = YES;
				INFOPLIST_KEY_CFBundleDisplayName = Pitwall;
				INFOPLIST_KEY_UIApplicationSceneManifest_Generation = YES;
				INFOPLIST_KEY_UIApplicationSupportsIndirectInputEvents = YES;
				INFOPLIST_KEY_UILaunchScreen_Generation = YES;
				INFOPLIST_KEY_UISupportedInterfaceOrientations_iPad = "UIInterfaceOrientationPortrait UIInterfaceOrientationPortraitUpsideDown UIInterfaceOrientationLandscapeLeft UIInterfaceOrientationLandscapeRight";
				INFOPLIST_KEY_UISupportedInterfaceOrientations_iPhone = "UIInterfaceOrientationPortrait UIInterfaceOrientationLandscapeLeft UIInterfaceOrientationLandscapeRight";
				IPHONEOS_DEPLOYMENT_TARGET = 16.0;
				LD_RUNPATH_SEARCH_PATHS = (
					"$(inherited)",
					"@executable_path/Frameworks",
				);
				MARKETING_VERSION = 1.0;
				PRODUCT_BUNDLE_IDENTIFIER = "com.robinvvinod.pitwall-ios";
				PRODUCT_NAME = "$(TARGET_NAME)";
				SWIFT_EMIT_LOC_STRINGS = YES;
				SWIFT_VERSION = 5.0;
				TARGETED_DEVICE_FAMILY = "1,2";
			};
			name = Release;
		};
		000CFFD32A0104A700AAF530 /* Debug */ = {
			isa = XCBuildConfiguration;
			buildSettings = {
				ALWAYS_EMBED_SWIFT_STANDARD_LIBRARIES = YES;
				BUNDLE_LOADER = "$(TEST_HOST)";
				CODE_SIGN_STYLE = Automatic;
				CURRENT_PROJECT_VERSION = 1;
				GENERATE_INFOPLIST_FILE = YES;
				IPHONEOS_DEPLOYMENT_TARGET = 16.4;
				MARKETING_VERSION = 1.0;
				PRODUCT_BUNDLE_IDENTIFIER = "com.robinvvinod.pitwall-iosTests";
				PRODUCT_NAME = "$(TARGET_NAME)";
				SWIFT_EMIT_LOC_STRINGS = NO;
				SWIFT_VERSION = 5.0;
				TARGETED_DEVICE_FAMILY = "1,2";
				TEST_HOST = "$(BUILT_PRODUCTS_DIR)/pitwall-ios.app/$(BUNDLE_EXECUTABLE_FOLDER_PATH)/pitwall-ios";
			};
			name = Debug;
		};
		000CFFD42A0104A700AAF530 /* Release */ = {
			isa = XCBuildConfiguration;
			buildSettings = {
				ALWAYS_EMBED_SWIFT_STANDARD_LIBRARIES = YES;
				BUNDLE_LOADER = "$(TEST_HOST)";
				CODE_SIGN_STYLE = Automatic;
				CURRENT_PROJECT_VERSION = 1;
				GENERATE_INFOPLIST_FILE = YES;
				IPHONEOS_DEPLOYMENT_TARGET = 16.4;
				MARKETING_VERSION = 1.0;
				PRODUCT_BUNDLE_IDENTIFIER = "com.robinvvinod.pitwall-iosTests";
				PRODUCT_NAME = "$(TARGET_NAME)";
				SWIFT_EMIT_LOC_STRINGS = NO;
				SWIFT_VERSION = 5.0;
				TARGETED_DEVICE_FAMILY = "1,2";
				TEST_HOST = "$(BUILT_PRODUCTS_DIR)/pitwall-ios.app/$(BUNDLE_EXECUTABLE_FOLDER_PATH)/pitwall-ios";
			};
			name = Release;
		};
		000CFFD62A0104A700AAF530 /* Debug */ = {
			isa = XCBuildConfiguration;
			buildSettings = {
				ALWAYS_EMBED_SWIFT_STANDARD_LIBRARIES = YES;
				CODE_SIGN_STYLE = Automatic;
				CURRENT_PROJECT_VERSION = 1;
				GENERATE_INFOPLIST_FILE = YES;
				MARKETING_VERSION = 1.0;
				PRODUCT_BUNDLE_IDENTIFIER = "com.robinvvinod.pitwall-iosUITests";
				PRODUCT_NAME = "$(TARGET_NAME)";
				SWIFT_EMIT_LOC_STRINGS = NO;
				SWIFT_VERSION = 5.0;
				TARGETED_DEVICE_FAMILY = "1,2";
				TEST_TARGET_NAME = "pitwall-ios";
			};
			name = Debug;
		};
		000CFFD72A0104A700AAF530 /* Release */ = {
			isa = XCBuildConfiguration;
			buildSettings = {
				ALWAYS_EMBED_SWIFT_STANDARD_LIBRARIES = YES;
				CODE_SIGN_STYLE = Automatic;
				CURRENT_PROJECT_VERSION = 1;
				GENERATE_INFOPLIST_FILE = YES;
				MARKETING_VERSION = 1.0;
				PRODUCT_BUNDLE_IDENTIFIER = "com.robinvvinod.pitwall-iosUITests";
				PRODUCT_NAME = "$(TARGET_NAME)";
				SWIFT_EMIT_LOC_STRINGS = NO;
				SWIFT_VERSION = 5.0;
				TARGETED_DEVICE_FAMILY = "1,2";
				TEST_TARGET_NAME = "pitwall-ios";
			};
			name = Release;
		};
/* End XCBuildConfiguration section */

/* Begin XCConfigurationList section */
		000CFFA12A0104A600AAF530 /* Build configuration list for PBXProject "pitwall-ios" */ = {
			isa = XCConfigurationList;
			buildConfigurations = (
				000CFFCD2A0104A700AAF530 /* Debug */,
				000CFFCE2A0104A700AAF530 /* Release */,
			);
			defaultConfigurationIsVisible = 0;
			defaultConfigurationName = Release;
		};
		000CFFCF2A0104A700AAF530 /* Build configuration list for PBXNativeTarget "pitwall-ios" */ = {
			isa = XCConfigurationList;
			buildConfigurations = (
				000CFFD02A0104A700AAF530 /* Debug */,
				000CFFD12A0104A700AAF530 /* Release */,
			);
			defaultConfigurationIsVisible = 0;
			defaultConfigurationName = Release;
		};
		000CFFD22A0104A700AAF530 /* Build configuration list for PBXNativeTarget "pitwall-iosTests" */ = {
			isa = XCConfigurationList;
			buildConfigurations = (
				000CFFD32A0104A700AAF530 /* Debug */,
				000CFFD42A0104A700AAF530 /* Release */,
			);
			defaultConfigurationIsVisible = 0;
			defaultConfigurationName = Release;
		};
		000CFFD52A0104A700AAF530 /* Build configuration list for PBXNativeTarget "pitwall-iosUITests" */ = {
			isa = XCConfigurationList;
			buildConfigurations = (
				000CFFD62A0104A700AAF530 /* Debug */,
				000CFFD72A0104A700AAF530 /* Release */,
			);
			defaultConfigurationIsVisible = 0;
			defaultConfigurationName = Release;
		};
/* End XCConfigurationList section */

/* Begin XCVersionGroup section */
		000CFFB42A0104A700AAF530 /* pitwall_ios.xcdatamodeld */ = {
			isa = XCVersionGroup;
			children = (
				000CFFB52A0104A700AAF530 /* pitwall_ios.xcdatamodel */,
			);
			currentVersion = 000CFFB52A0104A700AAF530 /* pitwall_ios.xcdatamodel */;
			path = pitwall_ios.xcdatamodeld;
			sourceTree = "<group>";
			versionGroupType = wrapper.xcdatamodel;
		};
/* End XCVersionGroup section */
	};
	rootObject = 000CFF9E2A0104A600AAF530 /* Project object */;
}
